
Microsoft Visual Studio Solution File, Format Version 12.00
# Visual Studio 2012
Project("{FAE04EC0-301F-11D3-BF4B-00C04F79EFBC}") = "Micologia", "Micologia\Micologia.csproj", "{09A3EA26-F446-4DE2-B2A3-A8F77EC5E3BB}"
EndProject
Project("{FAE04EC0-301F-11D3-BF4B-00C04F79EFBC}") = "Modelo", "Modelo\Modelo.csproj", "{29C4A9AF-AD08-492F-BB04-9E83439AA669}"
EndProject
Project("{FAE04EC0-301F-11D3-BF4B-00C04F79EFBC}") = "Negocio", "Negocio\Negocio.csproj", "{9822EE49-952B-4AD2-8920-9F0A3DF56C79}"
EndProject
Project("{FAE04EC0-301F-11D3-BF4B-00C04F79EFBC}") = "Repositorio", "Repositorio\Repositorio.csproj", "{6033CACD-9BCD-4ED3-94D9-B4C70EC5D1C3}"
EndProject
Global
	GlobalSection(TeamFoundationVersionControl) = preSolution
		SccNumberOfProjects = 4
		SccEnterpriseProvider = {4CA58AB2-18FA-4F8D-95D4-32DDF27D184C}
		SccTeamFoundationServer = https://vijilan.visualstudio.com/defaultcollection
		SccProjectUniqueName0 = Micologia\\Micologia.csproj
		SccProjectName0 = Micologia
		SccAuxPath0 = https://vijilan.visualstudio.com/defaultcollection
		SccLocalPath0 = Micologia
		SccProvider0 = {4CA58AB2-18FA-4F8D-95D4-32DDF27D184C}
		SccProjectUniqueName1 = Modelo\\Modelo.csproj
		SccProjectName1 = Modelo
		SccAuxPath1 = https://vijilan.visualstudio.com/defaultcollection
		SccLocalPath1 = Modelo
		SccProvider1 = {4CA58AB2-18FA-4F8D-95D4-32DDF27D184C}
		SccProjectUniqueName2 = Negocio\\Negocio.csproj
		SccProjectName2 = Negocio
		SccAuxPath2 = https://vijilan.visualstudio.com/defaultcollection
		SccLocalPath2 = Negocio
		SccProvider2 = {4CA58AB2-18FA-4F8D-95D4-32DDF27D184C}
		SccProjectUniqueName3 = Repositorio\\Repositorio.csproj
		SccProjectName3 = Repositorio
		SccAuxPath3 = https://vijilan.visualstudio.com/defaultcollection
		SccLocalPath3 = Repositorio
		SccProvider3 = {4CA58AB2-18FA-4F8D-95D4-32DDF27D184C}
	EndGlobalSection
	GlobalSection(SolutionConfigurationPlatforms) = preSolution
		CD_ROM|Any CPU = CD_ROM|Any CPU
		CD_ROM|Mixed Platforms = CD_ROM|Mixed Platforms
		CD_ROM|x86 = CD_ROM|x86
		Debug|Any CPU = Debug|Any CPU
		Debug|Mixed Platforms = Debug|Mixed Platforms
		Debug|x86 = Debug|x86
		DVD-5|Any CPU = DVD-5|Any CPU
		DVD-5|Mixed Platforms = DVD-5|Mixed Platforms
		DVD-5|x86 = DVD-5|x86
		Release|Any CPU = Release|Any CPU
		Release|Mixed Platforms = Release|Mixed Platforms
		Release|x86 = Release|x86
		SingleImage|Any CPU = SingleImage|Any CPU
		SingleImage|Mixed Platforms = SingleImage|Mixed Platforms
		SingleImage|x86 = SingleImage|x86
	EndGlobalSection
	GlobalSection(ProjectConfigurationPlatforms) = postSolution
		{09A3EA26-F446-4DE2-B2A3-A8F77EC5E3BB}.CD_ROM|Any CPU.ActiveCfg = Release|x86
		{09A3EA26-F446-4DE2-B2A3-A8F77EC5E3BB}.CD_ROM|Mixed Platforms.ActiveCfg = Release|x86
		{09A3EA26-F446-4DE2-B2A3-A8F77EC5E3BB}.CD_ROM|Mixed Platforms.Build.0 = Release|x86
		{09A3EA26-F446-4DE2-B2A3-A8F77EC5E3BB}.CD_ROM|x86.ActiveCfg = Release|x86
		{09A3EA26-F446-4DE2-B2A3-A8F77EC5E3BB}.CD_ROM|x86.Build.0 = Release|x86
		{09A3EA26-F446-4DE2-B2A3-A8F77EC5E3BB}.Debug|Any CPU.ActiveCfg = Debug|x86
		{09A3EA26-F446-4DE2-B2A3-A8F77EC5E3BB}.Debug|Mixed Platforms.ActiveCfg = Debug|x86
		{09A3EA26-F446-4DE2-B2A3-A8F77EC5E3BB}.Debug|Mixed Platforms.Build.0 = Debug|x86
		{09A3EA26-F446-4DE2-B2A3-A8F77EC5E3BB}.Debug|x86.ActiveCfg = Debug|x86
		{09A3EA26-F446-4DE2-B2A3-A8F77EC5E3BB}.Debug|x86.Build.0 = Debug|x86
		{09A3EA26-F446-4DE2-B2A3-A8F77EC5E3BB}.DVD-5|Any CPU.ActiveCfg = Debug|x86
		{09A3EA26-F446-4DE2-B2A3-A8F77EC5E3BB}.DVD-5|Mixed Platforms.ActiveCfg = Debug|x86
		{09A3EA26-F446-4DE2-B2A3-A8F77EC5E3BB}.DVD-5|Mixed Platforms.Build.0 = Debug|x86
		{09A3EA26-F446-4DE2-B2A3-A8F77EC5E3BB}.DVD-5|x86.ActiveCfg = Debug|x86
		{09A3EA26-F446-4DE2-B2A3-A8F77EC5E3BB}.DVD-5|x86.Build.0 = Debug|x86
		{09A3EA26-F446-4DE2-B2A3-A8F77EC5E3BB}.Release|Any CPU.ActiveCfg = Release|x86
		{09A3EA26-F446-4DE2-B2A3-A8F77EC5E3BB}.Release|Mixed Platforms.ActiveCfg = Release|x86
		{09A3EA26-F446-4DE2-B2A3-A8F77EC5E3BB}.Release|Mixed Platforms.Build.0 = Release|x86
		{09A3EA26-F446-4DE2-B2A3-A8F77EC5E3BB}.Release|x86.ActiveCfg = Release|x86
		{09A3EA26-F446-4DE2-B2A3-A8F77EC5E3BB}.Release|x86.Build.0 = Release|x86
		{09A3EA26-F446-4DE2-B2A3-A8F77EC5E3BB}.SingleImage|Any CPU.ActiveCfg = Release|x86
		{09A3EA26-F446-4DE2-B2A3-A8F77EC5E3BB}.SingleImage|Mixed Platforms.ActiveCfg = Release|x86
		{09A3EA26-F446-4DE2-B2A3-A8F77EC5E3BB}.SingleImage|Mixed Platforms.Build.0 = Release|x86
		{09A3EA26-F446-4DE2-B2A3-A8F77EC5E3BB}.SingleImage|x86.ActiveCfg = Release|x86
		{09A3EA26-F446-4DE2-B2A3-A8F77EC5E3BB}.SingleImage|x86.Build.0 = Release|x86
		{29C4A9AF-AD08-492F-BB04-9E83439AA669}.CD_ROM|Any CPU.ActiveCfg = Release|Any CPU
		{29C4A9AF-AD08-492F-BB04-9E83439AA669}.CD_ROM|Any CPU.Build.0 = Release|Any CPU
		{29C4A9AF-AD08-492F-BB04-9E83439AA669}.CD_ROM|Mixed Platforms.ActiveCfg = Release|Any CPU
		{29C4A9AF-AD08-492F-BB04-9E83439AA669}.CD_ROM|Mixed Platforms.Build.0 = Release|Any CPU
		{29C4A9AF-AD08-492F-BB04-9E83439AA669}.CD_ROM|x86.ActiveCfg = Release|Any CPU
		{29C4A9AF-AD08-492F-BB04-9E83439AA669}.Debug|Any CPU.ActiveCfg = Debug|Any CPU
		{29C4A9AF-AD08-492F-BB04-9E83439AA669}.Debug|Any CPU.Build.0 = Debug|Any CPU
		{29C4A9AF-AD08-492F-BB04-9E83439AA669}.Debug|Mixed Platforms.ActiveCfg = Debug|Any CPU
		{29C4A9AF-AD08-492F-BB04-9E83439AA669}.Debug|Mixed Platforms.Build.0 = Debug|Any CPU
		{29C4A9AF-AD08-492F-BB04-9E83439AA669}.Debug|x86.ActiveCfg = Debug|Any CPU
		{29C4A9AF-AD08-492F-BB04-9E83439AA669}.DVD-5|Any CPU.ActiveCfg = Debug|Any CPU
		{29C4A9AF-AD08-492F-BB04-9E83439AA669}.DVD-5|Any CPU.Build.0 = Debug|Any CPU
		{29C4A9AF-AD08-492F-BB04-9E83439AA669}.DVD-5|Mixed Platforms.ActiveCfg = Debug|Any CPU
		{29C4A9AF-AD08-492F-BB04-9E83439AA669}.DVD-5|Mixed Platforms.Build.0 = Debug|Any CPU
		{29C4A9AF-AD08-492F-BB04-9E83439AA669}.DVD-5|x86.ActiveCfg = Debug|Any CPU
		{29C4A9AF-AD08-492F-BB04-9E83439AA669}.Release|Any CPU.ActiveCfg = Release|Any CPU
		{29C4A9AF-AD08-492F-BB04-9E83439AA669}.Release|Any CPU.Build.0 = Release|Any CPU
		{29C4A9AF-AD08-492F-BB04-9E83439AA669}.Release|Mixed Platforms.ActiveCfg = Release|Any CPU
		{29C4A9AF-AD08-492F-BB04-9E83439AA669}.Release|Mixed Platforms.Build.0 = Release|Any CPU
		{29C4A9AF-AD08-492F-BB04-9E83439AA669}.Release|x86.ActiveCfg = Release|Any CPU
		{29C4A9AF-AD08-492F-BB04-9E83439AA669}.SingleImage|Any CPU.ActiveCfg = Release|Any CPU
		{29C4A9AF-AD08-492F-BB04-9E83439AA669}.SingleImage|Any CPU.Build.0 = Release|Any CPU
		{29C4A9AF-AD08-492F-BB04-9E83439AA669}.SingleImage|Mixed Platforms.ActiveCfg = Release|Any CPU
		{29C4A9AF-AD08-492F-BB04-9E83439AA669}.SingleImage|Mixed Platforms.Build.0 = Release|Any CPU
		{29C4A9AF-AD08-492F-BB04-9E83439AA669}.SingleImage|x86.ActiveCfg = Release|Any CPU
		{9822EE49-952B-4AD2-8920-9F0A3DF56C79}.CD_ROM|Any CPU.ActiveCfg = Release|Any CPU
		{9822EE49-952B-4AD2-8920-9F0A3DF56C79}.CD_ROM|Any CPU.Build.0 = Release|Any CPU
		{9822EE49-952B-4AD2-8920-9F0A3DF56C79}.CD_ROM|Mixed Platforms.ActiveCfg = Release|Any CPU
		{9822EE49-952B-4AD2-8920-9F0A3DF56C79}.CD_ROM|Mixed Platforms.Build.0 = Release|Any CPU
		{9822EE49-952B-4AD2-8920-9F0A3DF56C79}.CD_ROM|x86.ActiveCfg = Release|Any CPU
		{9822EE49-952B-4AD2-8920-9F0A3DF56C79}.Debug|Any CPU.ActiveCfg = Debug|Any CPU
		{9822EE49-952B-4AD2-8920-9F0A3DF56C79}.Debug|Any CPU.Build.0 = Debug|Any CPU
		{9822EE49-952B-4AD2-8920-9F0A3DF56C79}.Debug|Mixed Platforms.ActiveCfg = Debug|Any CPU
		{9822EE49-952B-4AD2-8920-9F0A3DF56C79}.Debug|Mixed Platforms.Build.0 = Debug|Any CPU
		{9822EE49-952B-4AD2-8920-9F0A3DF56C79}.Debug|x86.ActiveCfg = Debug|Any CPU
		{9822EE49-952B-4AD2-8920-9F0A3DF56C79}.DVD-5|Any CPU.ActiveCfg = Debug|Any CPU
		{9822EE49-952B-4AD2-8920-9F0A3DF56C79}.DVD-5|Any CPU.Build.0 = Debug|Any CPU
		{9822EE49-952B-4AD2-8920-9F0A3DF56C79}.DVD-5|Mixed Platforms.ActiveCfg = Debug|Any CPU
		{9822EE49-952B-4AD2-8920-9F0A3DF56C79}.DVD-5|Mixed Platforms.Build.0 = Debug|Any CPU
		{9822EE49-952B-4AD2-8920-9F0A3DF56C79}.DVD-5|x86.ActiveCfg = Debug|Any CPU
		{9822EE49-952B-4AD2-8920-9F0A3DF56C79}.Release|Any CPU.ActiveCfg = Release|Any CPU
		{9822EE49-952B-4AD2-8920-9F0A3DF56C79}.Release|Any CPU.Build.0 = Release|Any CPU
		{9822EE49-952B-4AD2-8920-9F0A3DF56C79}.Release|Mixed Platforms.ActiveCfg = Release|Any CPU
		{9822EE49-952B-4AD2-8920-9F0A3DF56C79}.Release|Mixed Platforms.Build.0 = Release|Any CPU
		{9822EE49-952B-4AD2-8920-9F0A3DF56C79}.Release|x86.ActiveCfg = Release|Any CPU
		{9822EE49-952B-4AD2-8920-9F0A3DF56C79}.SingleImage|Any CPU.ActiveCfg = Release|Any CPU
		{9822EE49-952B-4AD2-8920-9F0A3DF56C79}.SingleImage|Any CPU.Build.0 = Release|Any CPU
		{9822EE49-952B-4AD2-8920-9F0A3DF56C79}.SingleImage|Mixed Platforms.ActiveCfg = Release|Any CPU
		{9822EE49-952B-4AD2-8920-9F0A3DF56C79}.SingleImage|Mixed Platforms.Build.0 = Release|Any CPU
		{9822EE49-952B-4AD2-8920-9F0A3DF56C79}.SingleImage|x86.ActiveCfg = Release|Any CPU
		{6033CACD-9BCD-4ED3-94D9-B4C70EC5D1C3}.CD_ROM|Any CPU.ActiveCfg = Release|Any CPU
		{6033CACD-9BCD-4ED3-94D9-B4C70EC5D1C3}.CD_ROM|Any CPU.Build.0 = Release|Any CPU
		{6033CACD-9BCD-4ED3-94D9-B4C70EC5D1C3}.CD_ROM|Mixed Platforms.ActiveCfg = Release|Any CPU
		{6033CACD-9BCD-4ED3-94D9-B4C70EC5D1C3}.CD_ROM|Mixed Platforms.Build.0 = Release|Any CPU
		{6033CACD-9BCD-4ED3-94D9-B4C70EC5D1C3}.CD_ROM|x86.ActiveCfg = Release|Any CPU
		{6033CACD-9BCD-4ED3-94D9-B4C70EC5D1C3}.Debug|Any CPU.ActiveCfg = Debug|Any CPU
		{6033CACD-9BCD-4ED3-94D9-B4C70EC5D1C3}.Debug|Any CPU.Build.0 = Debug|Any CPU
		{6033CACD-9BCD-4ED3-94D9-B4C70EC5D1C3}.Debug|Mixed Platforms.ActiveCfg = Debug|Any CPU
		{6033CACD-9BCD-4ED3-94D9-B4C70EC5D1C3}.Debug|Mixed Platforms.Build.0 = Debug|Any CPU
		{6033CACD-9BCD-4ED3-94D9-B4C70EC5D1C3}.Debug|x86.ActiveCfg = Debug|Any CPU
		{6033CACD-9BCD-4ED3-94D9-B4C70EC5D1C3}.DVD-5|Any CPU.ActiveCfg = Debug|Any CPU
		{6033CACD-9BCD-4ED3-94D9-B4C70EC5D1C3}.DVD-5|Any CPU.Build.0 = Debug|Any CPU
		{6033CACD-9BCD-4ED3-94D9-B4C70EC5D1C3}.DVD-5|Mixed Platforms.ActiveCfg = Debug|Any CPU
		{6033CACD-9BCD-4ED3-94D9-B4C70EC5D1C3}.DVD-5|Mixed Platforms.Build.0 = Debug|Any CPU
		{6033CACD-9BCD-4ED3-94D9-B4C70EC5D1C3}.DVD-5|x86.ActiveCfg = Debug|Any CPU
		{6033CACD-9BCD-4ED3-94D9-B4C70EC5D1C3}.Release|Any CPU.ActiveCfg = Release|Any CPU
		{6033CACD-9BCD-4ED3-94D9-B4C70EC5D1C3}.Release|Any CPU.Build.0 = Release|Any CPU
		{6033CACD-9BCD-4ED3-94D9-B4C70EC5D1C3}.Release|Mixed Platforms.ActiveCfg = Release|Any CPU
		{6033CACD-9BCD-4ED3-94D9-B4C70EC5D1C3}.Release|Mixed Platforms.Build.0 = Release|Any CPU
		{6033CACD-9BCD-4ED3-94D9-B4C70EC5D1C3}.Release|x86.ActiveCfg = Release|Any CPU
		{6033CACD-9BCD-4ED3-94D9-B4C70EC5D1C3}.SingleImage|Any CPU.ActiveCfg = Release|Any CPU
		{6033CACD-9BCD-4ED3-94D9-B4C70EC5D1C3}.SingleImage|Any CPU.Build.0 = Release|Any CPU
		{6033CACD-9BCD-4ED3-94D9-B4C70EC5D1C3}.SingleImage|Mixed Platforms.ActiveCfg = Release|Any CPU
		{6033CACD-9BCD-4ED3-94D9-B4C70EC5D1C3}.SingleImage|Mixed Platforms.Build.0 = Release|Any CPU
		{6033CACD-9BCD-4ED3-94D9-B4C70EC5D1C3}.SingleImage|x86.ActiveCfg = Release|Any CPU
	EndGlobalSection
	GlobalSection(SolutionProperties) = preSolution
		HideSolutionNode = FALSE
	EndGlobalSection
EndGlobal
